
Microsoft Visual Studio Solution File, Format Version 12.00
# Visual Studio Version 17
VisualStudioVersion = 17.10.35027.167
MinimumVisualStudioVersion = 10.0.40219.1
Project("{FAE04EC0-301F-11D3-BF4B-00C04F79EFBC}") = "clase_qu1r30n_2.0", "clase_qu1r30n_2.0\clase_qu1r30n_2.0.csproj", "{7DFE24CD-23AD-49E6-8793-94D959A3CB12}"
EndProject
Global
	GlobalSection(SolutionConfigurationPlatforms) = preSolution
		Debug|Any CPU = Debug|Any CPU
		Release|Any CPU = Release|Any CPU
	EndGlobalSection
	GlobalSection(ProjectConfigurationPlatforms) = postSolution
		{7DFE24CD-23AD-49E6-8793-94D959A3CB12}.Debug|Any CPU.ActiveCfg = Debug|Any CPU
		{7DFE24CD-23AD-49E6-8793-94D959A3CB12}.Debug|Any CPU.Build.0 = Debug|Any CPU
		{7DFE24CD-23AD-49E6-8793-94D959A3CB12}.Release|Any CPU.ActiveCfg = Release|Any CPU
		{7DFE24CD-23AD-49E6-8793-94D959A3CB12}.Release|Any CPU.Build.0 = Release|Any CPU
	EndGlobalSection
	GlobalSection(SolutionProperties) = preSolution
		HideSolutionNode = FALSE
	EndGlobalSection
	GlobalSection(ExtensibilityGlobals) = postSolution
		SolutionGuid = {392B06EB-F223-43CF-9CF3-13C4206C2326}
	EndGlobalSection
EndGlobal
